<Solution>
  <Folder Name="/docs/">
    <File Path="docs/prompt.md" />
    <File Path="docs/技术选型方案.md" />
    <File Path="docs/编码规范.md" />
  </Folder>
  <Folder Name="/docs/spec/">
    <File Path="docs/spec/00-需求文档总览与DDD架构.md" />
    <File Path="docs/spec/01-用户与认证授权域.md" />
    <File Path="docs/spec/02-商品域.md" />
    <File Path="docs/spec/03-购物车域.md" />
    <File Path="docs/spec/04-订单与交易域.md" />
    <File Path="docs/spec/05-促销域.md" />
    <File Path="docs/spec/06-评价与售后域.md" />
    <File Path="docs/spec/07-积分与会员域.md" />
    <File Path="docs/spec/08-支付集成域.md" />
    <File Path="docs/spec/09-消息通知集成.md" />
    <File Path="docs/spec/10-模块化部署架构.md" />
    <File Path="docs/spec/11-卖家与店铺管理域.md" />
    <File Path="docs/spec/12-系统管理域.md" />
  </Folder>
  <Folder Name="/docs/tasks/">
    <File Path="docs/tasks/cart.md" />
    <File Path="docs/tasks/notification.md" />
    <File Path="docs/tasks/order.md" />
    <File Path="docs/tasks/payment.md" />
    <File Path="docs/tasks/points-membership.md" />
    <File Path="docs/tasks/product.md" />
    <File Path="docs/tasks/progress.md" />
    <File Path="docs/tasks/promotion.md" />
    <File Path="docs/tasks/review-aftersales.md" />
    <File Path="docs/tasks/seller-shop.md" />
    <File Path="docs/tasks/shared-kernel.md" />
    <File Path="docs/tasks/system-admin.md" />
    <File Path="docs/tasks/user-auth.md" />
  </Folder>
  <Folder Name="/src/" />
  <Folder Name="/src/BuildingBlocks/">
    <Project Path="src/BuildingBlocks/Leno.Infrastructure.Abstractions/Leno.Infrastructure.Abstractions.csproj" />
    <Project Path="src/BuildingBlocks/Leno.Infrastructure.AntiCorruption/Leno.Infrastructure.AntiCorruption.csproj" />
    <Project Path="src/BuildingBlocks/Leno.Infrastructure.Auth/Leno.Infrastructure.Auth.csproj" />
    <Project Path="src/BuildingBlocks/Leno.Infrastructure.Caching/Leno.Infrastructure.Caching.csproj" />
    <Project Path="src/BuildingBlocks/Leno.Infrastructure.EventBus/Leno.Infrastructure.EventBus.csproj" />
    <Project Path="src/BuildingBlocks/Leno.Infrastructure.Persistence/Leno.Infrastructure.Persistence.csproj" />
    <Project Path="src/BuildingBlocks/Leno.Infrastructure.RateLimiting/Leno.Infrastructure.RateLimiting.csproj" />
    <Project Path="src/BuildingBlocks/Leno.Infrastructure.ReadModel/Leno.Infrastructure.ReadModel.csproj" />
    <Project Path="src/BuildingBlocks/Leno.Infrastructure.Telemetry/Leno.Infrastructure.Telemetry.csproj" />
    <Project Path="src/BuildingBlocks/Leno.Infrastructure.Tests/Leno.Infrastructure.Tests.csproj" />
    <Project Path="src/BuildingBlocks/Leno.Infrastructure/Leno.Infrastructure.csproj" />
    <Project Path="src/BuildingBlocks/Leno.SharedContracts.Grpc/Leno.SharedContracts.Grpc.csproj" />
    <Project Path="src/BuildingBlocks/Leno.SharedContracts/Leno.SharedContracts.csproj" />
    <Project Path="src/BuildingBlocks/Leno.SharedKernel/Leno.SharedKernel.csproj" />
    <Project Path="src/BuildingBlocks/Leno.Testing/Leno.Testing.csproj" />
  </Folder>
  <Folder Name="/src/ApiGateway/">
    <Project Path="src/ApiGateway/Leno.ApiGateway.Tests/Leno.ApiGateway.Tests.csproj" />
    <Project Path="src/ApiGateway/Leno.ApiGateway/Leno.ApiGateway.csproj" />
  </Folder>
  <Folder Name="/src/Services/" />
  <Folder Name="/src/Services/Order/">
    <Project Path="src/Services/Order/Leno.Order.Api.Tests/Leno.Order.Api.Tests.csproj" />
    <Project Path="src/Services/Order/Leno.Order.Api/Leno.Order.Api.csproj" />
    <Project Path="src/Services/Order/Leno.Order.Application.Tests/Leno.Order.Application.Tests.csproj" />
    <Project Path="src/Services/Order/Leno.Order.Application/Leno.Order.Application.csproj" />
    <Project Path="src/Services/Order/Leno.Order.Domain.Tests/Leno.Order.Domain.Tests.csproj" />
    <Project Path="src/Services/Order/Leno.Order.Domain/Leno.Order.Domain.csproj" />
    <Project Path="src/Services/Order/Leno.Order.Infrastructure.Tests/Leno.Order.Infrastructure.Tests.csproj" />
    <Project Path="src/Services/Order/Leno.Order.Infrastructure/Leno.Order.Infrastructure.csproj" />
  </Folder>
  <Folder Name="/src/Services/Payment/">
    <Project Path="src/Services/Payment/Leno.Payment.Api.Tests/Leno.Payment.Api.Tests.csproj" />
    <Project Path="src/Services/Payment/Leno.Payment.Api/Leno.Payment.Api.csproj" />
    <Project Path="src/Services/Payment/Leno.Payment.Application.Tests/Leno.Payment.Application.Tests.csproj" />
    <Project Path="src/Services/Payment/Leno.Payment.Application/Leno.Payment.Application.csproj" />
    <Project Path="src/Services/Payment/Leno.Payment.Domain.Tests/Leno.Payment.Domain.Tests.csproj" />
    <Project Path="src/Services/Payment/Leno.Payment.Domain/Leno.Payment.Domain.csproj" />
    <Project Path="src/Services/Payment/Leno.Payment.Infrastructure.Tests/Leno.Payment.Infrastructure.Tests.csproj" />
    <Project Path="src/Services/Payment/Leno.Payment.Infrastructure/Leno.Payment.Infrastructure.csproj" />
  </Folder>
  <Folder Name="/src/Services/AccessControl/">
    <Project Path="src/Services/AccessControl/Leno.AccessControl.Api/Leno.AccessControl.Api.csproj" />
    <Project Path="src/Services/AccessControl/Leno.AccessControl.Application/Leno.AccessControl.Application.csproj" />
    <Project Path="src/Services/AccessControl/Leno.AccessControl.Domain/Leno.AccessControl.Domain.csproj" />
    <Project Path="src/Services/AccessControl/Leno.AccessControl.Infrastructure/Leno.AccessControl.Infrastructure.csproj" />
  </Folder>
  <Folder Name="/src/Services/AfterSales/">
    <Project Path="src/Services/AfterSales/Leno.AfterSales.Api/Leno.AfterSales.Api.csproj" />
    <Project Path="src/Services/AfterSales/Leno.AfterSales.Application/Leno.AfterSales.Application.csproj" />
    <Project Path="src/Services/AfterSales/Leno.AfterSales.Domain/Leno.AfterSales.Domain.csproj" />
    <Project Path="src/Services/AfterSales/Leno.AfterSales.Infrastructure/Leno.AfterSales.Infrastructure.csproj" />
  </Folder>
  <Folder Name="/src/Services/Cart/">
    <Project Path="src/Services/Cart/Leno.Cart.Api/Leno.Cart.Api.csproj" />
    <Project Path="src/Services/Cart/Leno.Cart.Application/Leno.Cart.Application.csproj" />
    <Project Path="src/Services/Cart/Leno.Cart.Domain.Tests/Leno.Cart.Domain.Tests.csproj" />
    <Project Path="src/Services/Cart/Leno.Cart.Domain/Leno.Cart.Domain.csproj" />
    <Project Path="src/Services/Cart/Leno.Cart.Infrastructure.Tests/Leno.Cart.Infrastructure.Tests.csproj" />
    <Project Path="src/Services/Cart/Leno.Cart.Infrastructure/Leno.Cart.Infrastructure.csproj" />
  </Folder>
  <Folder Name="/src/Services/Product/">
    <Project Path="src/Services/Product/Leno.Product.Api.Tests/Leno.Product.Api.Tests.csproj" />
    <Project Path="src/Services/Product/Leno.Product.Api/Leno.Product.Api.csproj" />
    <Project Path="src/Services/Product/Leno.Product.Application.Tests/Leno.Product.Application.Tests.csproj" />
    <Project Path="src/Services/Product/Leno.Product.Application/Leno.Product.Application.csproj" />
    <Project Path="src/Services/Product/Leno.Product.Domain.Tests/Leno.Product.Domain.Tests.csproj" />
    <Project Path="src/Services/Product/Leno.Product.Domain/Leno.Product.Domain.csproj" />
    <Project Path="src/Services/Product/Leno.Product.Infrastructure.Tests/Leno.Product.Infrastructure.Tests.csproj" />
    <Project Path="src/Services/Product/Leno.Product.Infrastructure/Leno.Product.Infrastructure.csproj" />
  </Folder>
  <Folder Name="/src/Services/Promotion/">
    <Project Path="src/Services/Promotion/Leno.Promotion.Api.Tests/Leno.Promotion.Api.Tests.csproj" />
    <Project Path="src/Services/Promotion/Leno.Promotion.Api/Leno.Promotion.Api.csproj" />
    <Project Path="src/Services/Promotion/Leno.Promotion.Application.Tests/Leno.Promotion.Application.Tests.csproj" />
    <Project Path="src/Services/Promotion/Leno.Promotion.Application/Leno.Promotion.Application.csproj" />
    <Project Path="src/Services/Promotion/Leno.Promotion.Domain.Tests/Leno.Promotion.Domain.Tests.csproj" />
    <Project Path="src/Services/Promotion/Leno.Promotion.Domain/Leno.Promotion.Domain.csproj" />
    <Project Path="src/Services/Promotion/Leno.Promotion.Infrastructure.Tests/Leno.Promotion.Infrastructure.Tests.csproj" />
    <Project Path="src/Services/Promotion/Leno.Promotion.Infrastructure/Leno.Promotion.Infrastructure.csproj" />
  </Folder>
  <Folder Name="/src/Services/PointsMembership/">
    <Project Path="src/Services/PointsMembership/Leno.PointsMembership.Api/Leno.PointsMembership.Api.csproj" />
    <Project Path="src/Services/PointsMembership/Leno.PointsMembership.Application/Leno.PointsMembership.Application.csproj" />
    <Project Path="src/Services/PointsMembership/Leno.PointsMembership.Domain.Tests/Leno.PointsMembership.Domain.Tests.csproj" />
    <Project Path="src/Services/PointsMembership/Leno.PointsMembership.Domain/Leno.PointsMembership.Domain.csproj" />
    <Project Path="src/Services/PointsMembership/Leno.PointsMembership.Infrastructure.Tests/Leno.PointsMembership.Infrastructure.Tests.csproj" />
    <Project Path="src/Services/PointsMembership/Leno.PointsMembership.Infrastructure/Leno.PointsMembership.Infrastructure.csproj" />
  </Folder>
  <Folder Name="/src/Services/Points/">
    <Project Path="src/Services/Points/Leno.Points.Api/Leno.Points.Api.csproj" />
    <Project Path="src/Services/Points/Leno.Points.Application/Leno.Points.Application.csproj" />
    <Project Path="src/Services/Points/Leno.Points.Domain/Leno.Points.Domain.csproj" />
    <Project Path="src/Services/Points/Leno.Points.Infrastructure/Leno.Points.Infrastructure.csproj" />
  </Folder>
  <Folder Name="/src/Services/Membership/">
    <Project Path="src/Services/Membership/Leno.Membership.Api/Leno.Membership.Api.csproj" />
    <Project Path="src/Services/Membership/Leno.Membership.Application/Leno.Membership.Application.csproj" />
    <Project Path="src/Services/Membership/Leno.Membership.Domain/Leno.Membership.Domain.csproj" />
    <Project Path="src/Services/Membership/Leno.Membership.Infrastructure/Leno.Membership.Infrastructure.csproj" />
  </Folder>
  <Folder Name="/src/Services/SellerShop/">
    <Project Path="src/Services/SellerShop/Leno.SellerShop.Api.Tests/Leno.SellerShop.Api.Tests.csproj" />
    <Project Path="src/Services/SellerShop/Leno.SellerShop.Api/Leno.SellerShop.Api.csproj" />
    <Project Path="src/Services/SellerShop/Leno.SellerShop.Application.Tests/Leno.SellerShop.Application.Tests.csproj">
      <Build Solution="Debug|*" Project="false" />
    </Project>
    <Project Path="src/Services/SellerShop/Leno.SellerShop.Application/Leno.SellerShop.Application.csproj" />
    <Project Path="src/Services/SellerShop/Leno.SellerShop.Domain.Tests/Leno.SellerShop.Domain.Tests.csproj" />
    <Project Path="src/Services/SellerShop/Leno.SellerShop.Domain/Leno.SellerShop.Domain.csproj" />
    <Project Path="src/Services/SellerShop/Leno.SellerShop.Infrastructure.Tests/Leno.SellerShop.Infrastructure.Tests.csproj" />
    <Project Path="src/Services/SellerShop/Leno.SellerShop.Infrastructure/Leno.SellerShop.Infrastructure.csproj" />
  </Folder>
  <Folder Name="/src/Services/Review/">
    <Project Path="src/Services/Review/Leno.Review.Api/Leno.Review.Api.csproj" />
    <Project Path="src/Services/Review/Leno.Review.Application/Leno.Review.Application.csproj" />
    <Project Path="src/Services/Review/Leno.Review.Domain/Leno.Review.Domain.csproj" />
    <Project Path="src/Services/Review/Leno.Review.Infrastructure/Leno.Review.Infrastructure.csproj" />
  </Folder>
  <Folder Name="/src/Services/ReviewAfterSales/">
    <Project Path="src/Services/ReviewAfterSales/Leno.ReviewAfterSales.Api.Tests/Leno.ReviewAfterSales.Api.Tests.csproj" />
    <Project Path="src/Services/ReviewAfterSales/Leno.ReviewAfterSales.Api/Leno.ReviewAfterSales.Api.csproj" />
    <Project Path="src/Services/ReviewAfterSales/Leno.ReviewAfterSales.Application.Tests/Leno.ReviewAfterSales.Application.Tests.csproj">
      <Build Solution="Debug|*" Project="false" />
    </Project>
    <Project Path="src/Services/ReviewAfterSales/Leno.ReviewAfterSales.Application/Leno.ReviewAfterSales.Application.csproj" />
    <Project Path="src/Services/ReviewAfterSales/Leno.ReviewAfterSales.Domain.Tests/Leno.ReviewAfterSales.Domain.Tests.csproj" />
    <Project Path="src/Services/ReviewAfterSales/Leno.ReviewAfterSales.Domain/Leno.ReviewAfterSales.Domain.csproj" />
    <Project Path="src/Services/ReviewAfterSales/Leno.ReviewAfterSales.Infrastructure.Tests/Leno.ReviewAfterSales.Infrastructure.Tests.csproj" />
    <Project Path="src/Services/ReviewAfterSales/Leno.ReviewAfterSales.Infrastructure/Leno.ReviewAfterSales.Infrastructure.csproj" />
  </Folder>
  <Folder Name="/src/Services/Identity/">
    <Project Path="src/Services/Identity/Leno.Identity.Api/Leno.Identity.Api.csproj" />
    <Project Path="src/Services/Identity/Leno.Identity.Application.Tests/Leno.Identity.Application.Tests.csproj" />
    <Project Path="src/Services/Identity/Leno.Identity.Application/Leno.Identity.Application.csproj" />
    <Project Path="src/Services/Identity/Leno.Identity.Domain.Tests/Leno.Identity.Domain.Tests.csproj" />
    <Project Path="src/Services/Identity/Leno.Identity.Domain/Leno.Identity.Domain.csproj" />
    <Project Path="src/Services/Identity/Leno.Identity.Infrastructure/Leno.Identity.Infrastructure.csproj" />
  </Folder>
  <Folder Name="/src/Services/Inventory/">
    <Project Path="src/Services/Inventory/Leno.Inventory.Api/Leno.Inventory.Api.csproj" />
    <Project Path="src/Services/Inventory/Leno.Inventory.Application.Tests/Leno.Inventory.Application.Tests.csproj" />
    <Project Path="src/Services/Inventory/Leno.Inventory.Application/Leno.Inventory.Application.csproj" />
    <Project Path="src/Services/Inventory/Leno.Inventory.Domain.Tests/Leno.Inventory.Domain.Tests.csproj" />
    <Project Path="src/Services/Inventory/Leno.Inventory.Domain/Leno.Inventory.Domain.csproj" />
    <Project Path="src/Services/Inventory/Leno.Inventory.Infrastructure/Leno.Inventory.Infrastructure.csproj" />
  </Folder>
  <Folder Name="/src/Services/Notification/">
    <Project Path="src/Services/Notification/Leno.Notification.Api.Tests/Leno.Notification.Api.Tests.csproj" />
    <Project Path="src/Services/Notification/Leno.Notification.Api/Leno.Notification.Api.csproj" />
    <Project Path="src/Services/Notification/Leno.Notification.Application/Leno.Notification.Application.csproj" />
    <Project Path="src/Services/Notification/Leno.Notification.Domain.Tests/Leno.Notification.Domain.Tests.csproj" />
    <Project Path="src/Services/Notification/Leno.Notification.Domain/Leno.Notification.Domain.csproj" />
    <Project Path="src/Services/Notification/Leno.Notification.Infrastructure.Tests/Leno.Notification.Infrastructure.Tests.csproj" />
    <Project Path="src/Services/Notification/Leno.Notification.Infrastructure/Leno.Notification.Infrastructure.csproj" />
  </Folder>
  <Folder Name="/src/Services/UserAuth/">
    <Project Path="src/Services/UserAuth/Leno.UserAuth.Api.Tests/Leno.UserAuth.Api.Tests.csproj" />
    <Project Path="src/Services/UserAuth/Leno.UserAuth.Api/Leno.UserAuth.Api.csproj" />
    <Project Path="src/Services/UserAuth/Leno.UserAuth.Application.Tests/Leno.UserAuth.Application.Tests.csproj" />
    <Project Path="src/Services/UserAuth/Leno.UserAuth.Application/Leno.UserAuth.Application.csproj" />
    <Project Path="src/Services/UserAuth/Leno.UserAuth.Domain.Tests/Leno.UserAuth.Domain.Tests.csproj" />
    <Project Path="src/Services/UserAuth/Leno.UserAuth.Domain/Leno.UserAuth.Domain.csproj" />
    <Project Path="src/Services/UserAuth/Leno.UserAuth.Infrastructure.Tests/Leno.UserAuth.Infrastructure.Tests.csproj" />
    <Project Path="src/Services/UserAuth/Leno.UserAuth.Infrastructure/Leno.UserAuth.Infrastructure.csproj" />
  </Folder>
  <Folder Name="/src/Services/SystemAdmin/">
    <Project Path="src/Services/SystemAdmin/Leno.SystemAdmin.Api.Tests/Leno.SystemAdmin.Api.Tests.csproj" />
    <Project Path="src/Services/SystemAdmin/Leno.SystemAdmin.Api/Leno.SystemAdmin.Api.csproj" />
    <Project Path="src/Services/SystemAdmin/Leno.SystemAdmin.Application.Tests/Leno.SystemAdmin.Application.Tests.csproj">
      <Build Solution="Debug|*" Project="false" />
    </Project>
    <Project Path="src/Services/SystemAdmin/Leno.SystemAdmin.Application/Leno.SystemAdmin.Application.csproj" />
    <Project Path="src/Services/SystemAdmin/Leno.SystemAdmin.Domain.Tests/Leno.SystemAdmin.Domain.Tests.csproj" />
    <Project Path="src/Services/SystemAdmin/Leno.SystemAdmin.Domain/Leno.SystemAdmin.Domain.csproj" />
    <Project Path="src/Services/SystemAdmin/Leno.SystemAdmin.Infrastructure.Tests/Leno.SystemAdmin.Infrastructure.Tests.csproj" />
    <Project Path="src/Services/SystemAdmin/Leno.SystemAdmin.Infrastructure/Leno.SystemAdmin.Infrastructure.csproj" />
  </Folder>
  <Folder Name="/tests/">
    <Folder Name="/tests/Contracts/">
      <Project Path="tests/Contracts/Leno.Contracts.Consumer.Tests/Leno.Contracts.Consumer.Tests.csproj" />
      <Project Path="tests/Contracts/Leno.Contracts.Provider.Tests/Leno.Contracts.Provider.Tests.csproj" />
    </Folder>
  </Folder>
  <Folder Name="/解决方案项/">
    <File Path=".dockerignore" />
    <File Path=".editorconfig" />
    <File Path=".gitignore" />
    <File Path="Directory.Build.props" />
    <File Path="docker-compose.yml" />
    <File Path="mise.toml" />
  </Folder>
</Solution>
