<Solution>
  <Folder Name="/src/" />
  <Folder Name="/src/BuildingBlocks/">
    <Project Path="src/BuildingBlocks/Leno.Infrastructure/Leno.Infrastructure.csproj" />
    <Project Path="src/BuildingBlocks/Leno.SharedContracts/Leno.SharedContracts.csproj" />
    <Project Path="src/BuildingBlocks/Leno.SharedKernel/Leno.SharedKernel.csproj" />
  </Folder>
  <Folder Name="/src/Services/" />
  <Folder Name="/src/Services/Cart/">
    <Project Path="src/Services/Cart/Leno.Cart.Api/Leno.Cart.Api.csproj" />
    <Project Path="src/Services/Cart/Leno.Cart.Domain/Leno.Cart.Domain.csproj" />
    <Project Path="src/Services/Cart/Leno.Cart.Application/Leno.Cart.Application.csproj" />
    <Project Path="src/Services/Cart/Leno.Cart.Infrastructure/Leno.Cart.Infrastructure.csproj" />
  </Folder>
  <Folder Name="/src/Services/Product/">
    <Project Path="src/Services/Product/Leno.Product.Api/Leno.Product.Api.csproj" />
    <Project Path="src/Services/Product/Leno.Product.Domain/Leno.Product.Domain.csproj" />
    <Project Path="src/Services/Product/Leno.Product.Application/Leno.Product.Application.csproj" />
    <Project Path="src/Services/Product/Leno.Product.Infrastructure/Leno.Product.Infrastructure.csproj" />
  </Folder>
  <Folder Name="/src/Services/Promotion/">
    <Project Path="src/Services/Promotion/Leno.Promotion.Domain/Leno.Promotion.Domain.csproj" />
    <Project Path="src/Services/Promotion/Leno.Promotion.Infrastructure/Leno.Promotion.Infrastructure.csproj" />
  </Folder>
  <Folder Name="/src/Services/SellerShop/">
    <Project Path="src/Services/SellerShop/Leno.SellerShop.Api/Leno.SellerShop.Api.csproj" />
    <Project Path="src/Services/SellerShop/Leno.SellerShop.Application/Leno.SellerShop.Application.csproj" />
    <Project Path="src/Services/SellerShop/Leno.SellerShop.Domain/Leno.SellerShop.Domain.csproj" />
    <Project Path="src/Services/SellerShop/Leno.SellerShop.Infrastructure/Leno.SellerShop.Infrastructure.csproj" />
  </Folder>
  <Folder Name="/src/Services/UserAuth/">
    <Project Path="src/Services/UserAuth/Leno.UserAuth.Api/Leno.UserAuth.Api.csproj" />
    <Project Path="src/Services/UserAuth/Leno.UserAuth.Application/Leno.UserAuth.Application.csproj" />
    <Project Path="src/Services/UserAuth/Leno.UserAuth.Domain/Leno.UserAuth.Domain.csproj" />
    <Project Path="src/Services/UserAuth/Leno.UserAuth.Infrastructure/Leno.UserAuth.Infrastructure.csproj" />
  </Folder>
</Solution>
